
Microsoft Visual Studio Solution File, Format Version 12.00
# Visual Studio Version 17
VisualStudioVersion = 17.6.33723.286
MinimumVisualStudioVersion = 10.0.40219.1
Project("{FAE04EC0-301F-11D3-BF4B-00C04F79EFBC}") = "WSRSim2", "WSRSim2\WSRSim2.csproj", "{D9E17008-E181-496E-B7C6-7BF53DA57C22}"
EndProject
Global
	GlobalSection(SolutionConfigurationPlatforms) = preSolution
		Debug|Any CPU = Debug|Any CPU
		Release|Any CPU = Release|Any CPU
	EndGlobalSection
	GlobalSection(ProjectConfigurationPlatforms) = postSolution
		{D9E17008-E181-496E-B7C6-7BF53DA57C22}.Debug|Any CPU.ActiveCfg = Debug|Any CPU
		{D9E17008-E181-496E-B7C6-7BF53DA57C22}.Debug|Any CPU.Build.0 = Debug|Any CPU
		{D9E17008-E181-496E-B7C6-7BF53DA57C22}.Release|Any CPU.ActiveCfg = Release|Any CPU
		{D9E17008-E181-496E-B7C6-7BF53DA57C22}.Release|Any CPU.Build.0 = Release|Any CPU
	EndGlobalSection
	GlobalSection(SolutionProperties) = preSolution
		HideSolutionNode = FALSE
	EndGlobalSection
	GlobalSection(ExtensibilityGlobals) = postSolution
		SolutionGuid = {B6A7C787-94AE-4448-B619-79005AD55D1D}
	EndGlobalSection
EndGlobal
